
Microsoft Visual Studio Solution File, Format Version 12.00
# Visual Studio Version 17
VisualStudioVersion = 17.5.002.0
MinimumVisualStudioVersion = 10.0.40219.1
Project("{9A19103F-16F7-4668-BE54-9A1E7A4F7556}") = "WebApp", "WebApp\WebApp.csproj", "{C95C7ECD-76E8-4BBB-B3CC-7AE594793178}"
EndProject
Global
	GlobalSection(SolutionConfigurationPlatforms) = preSolution
		Debug|Any CPU = Debug|Any CPU
		Release|Any CPU = Release|Any CPU
	EndGlobalSection
	GlobalSection(ProjectConfigurationPlatforms) = postSolution
		{C95C7ECD-76E8-4BBB-B3CC-7AE594793178}.Debug|Any CPU.ActiveCfg = Debug|Any CPU
		{C95C7ECD-76E8-4BBB-B3CC-7AE594793178}.Debug|Any CPU.Build.0 = Debug|Any CPU
		{C95C7ECD-76E8-4BBB-B3CC-7AE594793178}.Release|Any CPU.ActiveCfg = Release|Any CPU
		{C95C7ECD-76E8-4BBB-B3CC-7AE594793178}.Release|Any CPU.Build.0 = Release|Any CPU
	EndGlobalSection
	GlobalSection(SolutionProperties) = preSolution
		HideSolutionNode = FALSE
	EndGlobalSection
	GlobalSection(ExtensibilityGlobals) = postSolution
		SolutionGuid = {3BF0947C-6466-4977-84FB-69B1A4F78050}
	EndGlobalSection
EndGlobal
