
Microsoft Visual Studio Solution File, Format Version 12.00
# Visual Studio Version 17
VisualStudioVersion = 17.5.002.0
MinimumVisualStudioVersion = 10.0.40219.1
Project("{9A19103F-16F7-4668-BE54-9A1E7A4F7556}") = "WebApp", "WebApp.csproj", "{69BC60A0-FFA2-4439-8F74-95BA0BC0A28D}"
EndProject
Global
	GlobalSection(SolutionConfigurationPlatforms) = preSolution
		Debug|Any CPU = Debug|Any CPU
		Release|Any CPU = Release|Any CPU
	EndGlobalSection
	GlobalSection(ProjectConfigurationPlatforms) = postSolution
		{69BC60A0-FFA2-4439-8F74-95BA0BC0A28D}.Debug|Any CPU.ActiveCfg = Debug|Any CPU
		{69BC60A0-FFA2-4439-8F74-95BA0BC0A28D}.Debug|Any CPU.Build.0 = Debug|Any CPU
		{69BC60A0-FFA2-4439-8F74-95BA0BC0A28D}.Release|Any CPU.ActiveCfg = Release|Any CPU
		{69BC60A0-FFA2-4439-8F74-95BA0BC0A28D}.Release|Any CPU.Build.0 = Release|Any CPU
	EndGlobalSection
	GlobalSection(SolutionProperties) = preSolution
		HideSolutionNode = FALSE
	EndGlobalSection
	GlobalSection(ExtensibilityGlobals) = postSolution
		SolutionGuid = {C65FF3A3-9F3E-40F1-AB64-542BF742E1EE}
	EndGlobalSection
EndGlobal
